
Microsoft Visual Studio Solution File, Format Version 12.00
# Visual Studio Version 16
VisualStudioVersion = 16.0.30516.212
MinimumVisualStudioVersion = 10.0.40219.1
Project("{FAE04EC0-301F-11D3-BF4B-00C04F79EFBC}") = "LojaCet50", "LojaCet50\LojaCet50.csproj", "{73BE34A1-BC4C-477C-81F2-C4C8037A399E}"
EndProject
Global
	GlobalSection(SolutionConfigurationPlatforms) = preSolution
		Debug|Any CPU = Debug|Any CPU
		Release|Any CPU = Release|Any CPU
	EndGlobalSection
	GlobalSection(ProjectConfigurationPlatforms) = postSolution
		{73BE34A1-BC4C-477C-81F2-C4C8037A399E}.Debug|Any CPU.ActiveCfg = Debug|Any CPU
		{73BE34A1-BC4C-477C-81F2-C4C8037A399E}.Debug|Any CPU.Build.0 = Debug|Any CPU
		{73BE34A1-BC4C-477C-81F2-C4C8037A399E}.Release|Any CPU.ActiveCfg = Release|Any CPU
		{73BE34A1-BC4C-477C-81F2-C4C8037A399E}.Release|Any CPU.Build.0 = Release|Any CPU
	EndGlobalSection
	GlobalSection(SolutionProperties) = preSolution
		HideSolutionNode = FALSE
	EndGlobalSection
	GlobalSection(ExtensibilityGlobals) = postSolution
		SolutionGuid = {051DF712-0735-4036-BBFA-C94B46125AB8}
	EndGlobalSection
EndGlobal
